# @generated by Move, please check-in and do not edit manually.

[move]
version = 3
manifest_digest = "6DA99FBFFB19369C6700261E4B382F12F0D57D8F36BD13F313AF8D6FDF59AD86"
deps_digest = "F8BBB0CCB2491CA29A3DF03D6F92277A4F3574266507ACD77214D37ECA3F3082"
dependencies = [
  { id = "Sui", name = "Sui" },
]

[[move.package]]
id = "MoveStdlib"
source = { git = "https://github.com/MystenLabs/sui.git", rev = "framework/devnet", subdir = "crates/sui-framework/packages/move-stdlib" }

[[move.package]]
id = "Sui"
source = { git = "https://github.com/MystenLabs/sui.git", rev = "framework/devnet", subdir = "crates/sui-framework/packages/sui-framework" }

dependencies = [
  { id = "MoveStdlib", name = "MoveStdlib" },
]

[move.toolchain-version]
compiler-version = "1.53.1"
edition = "2024"
flavor = "sui"

[env]

[env.testnet]
chain-id = "4c78adac"
original-published-id = "0x7f40ebb607eb4109ab7f5181e8d8bcd315a6ef7bf9c59f2aa29f11801a30a67d"
latest-published-id = "0x7f40ebb607eb4109ab7f5181e8d8bcd315a6ef7bf9c59f2aa29f11801a30a67d"
published-version = "1"
